
Microsoft Visual Studio Solution File, Format Version 12.00
# Visual Studio Version 16
VisualStudioVersion = 16.0.29709.97
MinimumVisualStudioVersion = 10.0.40219.1
Project("{FAE04EC0-301F-11D3-BF4B-00C04F79EFBC}") = "Exercise-55-ticket", "Exercise-55-ticket\Exercise-55-ticket.csproj", "{D27DBD50-60C5-46E0-8AE3-57B831A8296B}"
EndProject
Global
	GlobalSection(SolutionConfigurationPlatforms) = preSolution
		Debug|Any CPU = Debug|Any CPU
		Release|Any CPU = Release|Any CPU
	EndGlobalSection
	GlobalSection(ProjectConfigurationPlatforms) = postSolution
		{D27DBD50-60C5-46E0-8AE3-57B831A8296B}.Debug|Any CPU.ActiveCfg = Debug|Any CPU
		{D27DBD50-60C5-46E0-8AE3-57B831A8296B}.Debug|Any CPU.Build.0 = Debug|Any CPU
		{D27DBD50-60C5-46E0-8AE3-57B831A8296B}.Release|Any CPU.ActiveCfg = Release|Any CPU
		{D27DBD50-60C5-46E0-8AE3-57B831A8296B}.Release|Any CPU.Build.0 = Release|Any CPU
	EndGlobalSection
	GlobalSection(SolutionProperties) = preSolution
		HideSolutionNode = FALSE
	EndGlobalSection
	GlobalSection(ExtensibilityGlobals) = postSolution
		SolutionGuid = {BC442555-31DB-4C72-AD46-CA2D68AC30C0}
	EndGlobalSection
EndGlobal
